
Microsoft Visual Studio Solution File, Format Version 12.00
# Visual Studio Version 17
VisualStudioVersion = 17.1.32228.430
MinimumVisualStudioVersion = 10.0.40219.1
Project("{9A19103F-16F7-4668-BE54-9A1E7A4F7556}") = "Apex.Logging", "..\Apex-nugets\src\Logging\src\Logging\Apex.Logging.csproj", "{D7D7C90F-DF73-430D-A474-1544E17291F4}"
EndProject
Project("{9A19103F-16F7-4668-BE54-9A1E7A4F7556}") = "Apex.Common.Soap", "..\Apex-nugets\src\Common\src\Common.Soap\Apex.Common.Soap.csproj", "{4283CC23-6E20-487D-9BE6-C03ECC7B9AE0}"
EndProject
Project("{9A19103F-16F7-4668-BE54-9A1E7A4F7556}") = "Apex.Logging.Grpc", "..\Apex-nugets\src\Logging\src\Logging.Grpc\Apex.Logging.Grpc.csproj", "{A8E079E6-26A7-4FE1-A622-0E6B0FDDBF8D}"
EndProject
Project("{9A19103F-16F7-4668-BE54-9A1E7A4F7556}") = "GrpcClient", "GrpcClient\GrpcClient.csproj", "{28EDB5B2-52D8-4734-8EBC-010CD3901D2B}"
EndProject
Project("{9A19103F-16F7-4668-BE54-9A1E7A4F7556}") = "AzureWebApp", "AzureWebApp\AzureWebApp.csproj", "{9FC492DB-03EF-4F99-9A9E-923FE9A08C47}"
EndProject
Global
	GlobalSection(SolutionConfigurationPlatforms) = preSolution
		Debug|Any CPU = Debug|Any CPU
		Release|Any CPU = Release|Any CPU
	EndGlobalSection
	GlobalSection(ProjectConfigurationPlatforms) = postSolution
		{D7D7C90F-DF73-430D-A474-1544E17291F4}.Debug|Any CPU.ActiveCfg = Debug|Any CPU
		{D7D7C90F-DF73-430D-A474-1544E17291F4}.Debug|Any CPU.Build.0 = Debug|Any CPU
		{D7D7C90F-DF73-430D-A474-1544E17291F4}.Release|Any CPU.ActiveCfg = Release|Any CPU
		{D7D7C90F-DF73-430D-A474-1544E17291F4}.Release|Any CPU.Build.0 = Release|Any CPU
		{4283CC23-6E20-487D-9BE6-C03ECC7B9AE0}.Debug|Any CPU.ActiveCfg = Debug|Any CPU
		{4283CC23-6E20-487D-9BE6-C03ECC7B9AE0}.Debug|Any CPU.Build.0 = Debug|Any CPU
		{4283CC23-6E20-487D-9BE6-C03ECC7B9AE0}.Release|Any CPU.ActiveCfg = Release|Any CPU
		{4283CC23-6E20-487D-9BE6-C03ECC7B9AE0}.Release|Any CPU.Build.0 = Release|Any CPU
		{A8E079E6-26A7-4FE1-A622-0E6B0FDDBF8D}.Debug|Any CPU.ActiveCfg = Debug|Any CPU
		{A8E079E6-26A7-4FE1-A622-0E6B0FDDBF8D}.Debug|Any CPU.Build.0 = Debug|Any CPU
		{A8E079E6-26A7-4FE1-A622-0E6B0FDDBF8D}.Release|Any CPU.ActiveCfg = Release|Any CPU
		{A8E079E6-26A7-4FE1-A622-0E6B0FDDBF8D}.Release|Any CPU.Build.0 = Release|Any CPU
		{28EDB5B2-52D8-4734-8EBC-010CD3901D2B}.Debug|Any CPU.ActiveCfg = Debug|Any CPU
		{28EDB5B2-52D8-4734-8EBC-010CD3901D2B}.Debug|Any CPU.Build.0 = Debug|Any CPU
		{28EDB5B2-52D8-4734-8EBC-010CD3901D2B}.Release|Any CPU.ActiveCfg = Release|Any CPU
		{28EDB5B2-52D8-4734-8EBC-010CD3901D2B}.Release|Any CPU.Build.0 = Release|Any CPU
		{9FC492DB-03EF-4F99-9A9E-923FE9A08C47}.Debug|Any CPU.ActiveCfg = Debug|Any CPU
		{9FC492DB-03EF-4F99-9A9E-923FE9A08C47}.Debug|Any CPU.Build.0 = Debug|Any CPU
		{9FC492DB-03EF-4F99-9A9E-923FE9A08C47}.Release|Any CPU.ActiveCfg = Release|Any CPU
		{9FC492DB-03EF-4F99-9A9E-923FE9A08C47}.Release|Any CPU.Build.0 = Release|Any CPU
	EndGlobalSection
	GlobalSection(SolutionProperties) = preSolution
		HideSolutionNode = FALSE
	EndGlobalSection
	GlobalSection(ExtensibilityGlobals) = postSolution
		SolutionGuid = {C56899E4-6B68-4F10-A767-827B612FC39A}
	EndGlobalSection
EndGlobal
